// !$*UTF8*$!
{
	archiveVersion = 1;
	classes = {
	};
	objectVersion = 46;
	objects = {

/* Begin PBXBuildFile section */
		DA0323881BEFC676003960B0 /* TextInputTableViewCell.m in Sources */ = {isa = PBXBuildFile; fileRef = DA0323871BEFC676003960B0 /* TextInputTableViewCell.m */; };
		DA03238B1BEFCA0B003960B0 /* text-input-table-view-cell.xib in Resources */ = {isa = PBXBuildFile; fileRef = DA03238A1BEFCA0B003960B0 /* text-input-table-view-cell.xib */; };
		DA14CA381C035D690043C2B6 /* AislesPivotTableTests.m in Sources */ = {isa = PBXBuildFile; fileRef = DA14CA371C035D690043C2B6 /* AislesPivotTableTests.m */; };
		DA14CA3C1C03A2020043C2B6 /* ListOfItemsUITests.m in Sources */ = {isa = PBXBuildFile; fileRef = DA14CA3B1C03A2020043C2B6 /* ListOfItemsUITests.m */; };
		DA23133A1BF1891700E5366C /* ItemsDataSource.m in Sources */ = {isa = PBXBuildFile; fileRef = DA2313391BF1891700E5366C /* ItemsDataSource.m */; };
		DA5444B91C1327F4002DFD0F /* StandaloneNavBar.m in Sources */ = {isa = PBXBuildFile; fileRef = DA5444B81C1327F4002DFD0F /* StandaloneNavBar.m */; };
		DA5444BC1C132922002DFD0F /* CustomScrollView.m in Sources */ = {isa = PBXBuildFile; fileRef = DA5444BB1C132922002DFD0F /* CustomScrollView.m */; };
		DA5866FB1C0248D800C98FC2 /* ShoppingList.m in Sources */ = {isa = PBXBuildFile; fileRef = DA67F9EA1BE8131E00E1734A /* ShoppingList.m */; };
		DA67F9F01BE8131E00E1734A /* TwoSidedDoorAnimator.m in Sources */ = {isa = PBXBuildFile; fileRef = DA67F9E51BE8131E00E1734A /* TwoSidedDoorAnimator.m */; };
		DA67F9F31BE8131E00E1734A /* ShoppingItem.m in Sources */ = {isa = PBXBuildFile; fileRef = DA67F9E81BE8131E00E1734A /* ShoppingItem.m */; };
		DA67F9F91BE8131E00E1734A /* ListOfItemsTableViewController.m in Sources */ = {isa = PBXBuildFile; fileRef = DA67F9ED1BE8131E00E1734A /* ListOfItemsTableViewController.m */; };
		DA67F9FC1BE8131E00E1734A /* ListOfListsTableViewController.m in Sources */ = {isa = PBXBuildFile; fileRef = DA67F9EF1BE8131E00E1734A /* ListOfListsTableViewController.m */; };
		DA6E0C081C0CAA400009632F /* DetailedItemViewController.m in Sources */ = {isa = PBXBuildFile; fileRef = DA6E0C071C0CAA400009632F /* DetailedItemViewController.m */; };
		DA8D2B6D1C1A23D100E01584 /* UIView+Additions.m in Sources */ = {isa = PBXBuildFile; fileRef = DA8D2B6C1C1A23D100E01584 /* UIView+Additions.m */; };
		DAA61BA61BE8FBF700CEC295 /* NavigationControllerDelegate.m in Sources */ = {isa = PBXBuildFile; fileRef = DAA61BA51BE8FBF700CEC295 /* NavigationControllerDelegate.m */; };
		DAC03FD11C17890600A64054 /* navigation-item-text-input.xib in Resources */ = {isa = PBXBuildFile; fileRef = DAC03FD01C17890600A64054 /* navigation-item-text-input.xib */; };
		DAC6394F1BF54D30003A087B /* AislesPivotTable.m in Sources */ = {isa = PBXBuildFile; fileRef = DAC6394E1BF54D30003A087B /* AislesPivotTable.m */; };
		DADD0A5F1BDD50CE00806DB6 /* main.m in Sources */ = {isa = PBXBuildFile; fileRef = DADD0A5E1BDD50CE00806DB6 /* main.m */; };
		DADD0A621BDD50CE00806DB6 /* AppDelegate.m in Sources */ = {isa = PBXBuildFile; fileRef = DADD0A611BDD50CE00806DB6 /* AppDelegate.m */; };
		DADD0A681BDD50CE00806DB6 /* Main.storyboard in Resources */ = {isa = PBXBuildFile; fileRef = DADD0A661BDD50CE00806DB6 /* Main.storyboard */; };
		DADD0A6A1BDD50CE00806DB6 /* Assets.xcassets in Resources */ = {isa = PBXBuildFile; fileRef = DADD0A691BDD50CE00806DB6 /* Assets.xcassets */; };
		DADD0A6D1BDD50CE00806DB6 /* LaunchScreen.storyboard in Resources */ = {isa = PBXBuildFile; fileRef = DADD0A6B1BDD50CE00806DB6 /* LaunchScreen.storyboard */; };
		DADD0A781BDD50CE00806DB6 /* ShoppingItemTests.m in Sources */ = {isa = PBXBuildFile; fileRef = DADD0A771BDD50CE00806DB6 /* ShoppingItemTests.m */; };
		DADD0A831BDD50CE00806DB6 /* ListOfListsUITests.m in Sources */ = {isa = PBXBuildFile; fileRef = DADD0A821BDD50CE00806DB6 /* ListOfListsUITests.m */; };
		DADD0A9A1BDD8A3800806DB6 /* ShoppingListTests.m in Sources */ = {isa = PBXBuildFile; fileRef = DADD0A991BDD8A3800806DB6 /* ShoppingListTests.m */; };
		DAE8DABA1C14828C00AB81A2 /* UITextField+Additions.m in Sources */ = {isa = PBXBuildFile; fileRef = DAE8DAB91C14828C00AB81A2 /* UITextField+Additions.m */; };
		DAED5BCE1BEA780700C5816F /* ListsDataSource.m in Sources */ = {isa = PBXBuildFile; fileRef = DAED5BCD1BEA780700C5816F /* ListsDataSource.m */; };
		DAF5E27D1BEE9A800023F8E8 /* ListAdditionViewController.m in Sources */ = {isa = PBXBuildFile; fileRef = DAF5E27C1BEE9A800023F8E8 /* ListAdditionViewController.m */; };
		DAF7345D1BF239B00013CDDD /* items-table-header-view.xib in Resources */ = {isa = PBXBuildFile; fileRef = DAF7345C1BF239B00013CDDD /* items-table-header-view.xib */; };
/* End PBXBuildFile section */

/* Begin PBXContainerItemProxy section */
		DADD0A741BDD50CE00806DB6 /* PBXContainerItemProxy */ = {
			isa = PBXContainerItemProxy;
			containerPortal = DADD0A521BDD50CE00806DB6 /* Project object */;
			proxyType = 1;
			remoteGlobalIDString = DADD0A591BDD50CE00806DB6;
			remoteInfo = "iKea Shopping List";
		};
		DADD0A7F1BDD50CE00806DB6 /* PBXContainerItemProxy */ = {
			isa = PBXContainerItemProxy;
			containerPortal = DADD0A521BDD50CE00806DB6 /* Project object */;
			proxyType = 1;
			remoteGlobalIDString = DADD0A591BDD50CE00806DB6;
			remoteInfo = "iKea Shopping List";
		};
/* End PBXContainerItemProxy section */

/* Begin PBXFileReference section */
		DA0323851BEF9AD4003960B0 /* ListInfoCreationDelegate.h */ = {isa = PBXFileReference; fileEncoding = 4; lastKnownFileType = sourcecode.c.h; path = ListInfoCreationDelegate.h; sourceTree = "<group>"; };
		DA0323861BEFC676003960B0 /* TextInputTableViewCell.h */ = {isa = PBXFileReference; fileEncoding = 4; lastKnownFileType = sourcecode.c.h; path = TextInputTableViewCell.h; sourceTree = "<group>"; };
		DA0323871BEFC676003960B0 /* TextInputTableViewCell.m */ = {isa = PBXFileReference; fileEncoding = 4; lastKnownFileType = sourcecode.c.objc; path = TextInputTableViewCell.m; sourceTree = "<group>"; };
		DA03238A1BEFCA0B003960B0 /* text-input-table-view-cell.xib */ = {isa = PBXFileReference; fileEncoding = 4; lastKnownFileType = file.xib; path = "text-input-table-view-cell.xib"; sourceTree = "<group>"; };
		DA14CA371C035D690043C2B6 /* AislesPivotTableTests.m */ = {isa = PBXFileReference; fileEncoding = 4; lastKnownFileType = sourcecode.c.objc; path = AislesPivotTableTests.m; sourceTree = "<group>"; };
		DA14CA3A1C0380FB0043C2B6 /* AislesPivotTable_PivotEntry.h */ = {isa = PBXFileReference; fileEncoding = 4; lastKnownFileType = sourcecode.c.h; path = AislesPivotTable_PivotEntry.h; sourceTree = "<group>"; };
		DA14CA3B1C03A2020043C2B6 /* ListOfItemsUITests.m */ = {isa = PBXFileReference; fileEncoding = 4; lastKnownFileType = sourcecode.c.objc; path = ListOfItemsUITests.m; sourceTree = "<group>"; };
		DA2313381BF1891700E5366C /* ItemsDataSource.h */ = {isa = PBXFileReference; fileEncoding = 4; lastKnownFileType = sourcecode.c.h; path = ItemsDataSource.h; sourceTree = "<group>"; };
		DA2313391BF1891700E5366C /* ItemsDataSource.m */ = {isa = PBXFileReference; fileEncoding = 4; lastKnownFileType = sourcecode.c.objc; path = ItemsDataSource.m; sourceTree = "<group>"; };
		DA5444B71C1327F4002DFD0F /* StandaloneNavBar.h */ = {isa = PBXFileReference; fileEncoding = 4; lastKnownFileType = sourcecode.c.h; name = StandaloneNavBar.h; path = views/StandaloneNavBar.h; sourceTree = "<group>"; };
		DA5444B81C1327F4002DFD0F /* StandaloneNavBar.m */ = {isa = PBXFileReference; fileEncoding = 4; lastKnownFileType = sourcecode.c.objc; name = StandaloneNavBar.m; path = views/StandaloneNavBar.m; sourceTree = "<group>"; };
		DA5444BA1C132922002DFD0F /* CustomScrollView.h */ = {isa = PBXFileReference; fileEncoding = 4; lastKnownFileType = sourcecode.c.h; name = CustomScrollView.h; path = views/CustomScrollView.h; sourceTree = "<group>"; };
		DA5444BB1C132922002DFD0F /* CustomScrollView.m */ = {isa = PBXFileReference; fileEncoding = 4; lastKnownFileType = sourcecode.c.objc; name = CustomScrollView.m; path = views/CustomScrollView.m; sourceTree = "<group>"; };
		DA67F9E41BE8131E00E1734A /* TwoSidedDoorAnimator.h */ = {isa = PBXFileReference; fileEncoding = 4; lastKnownFileType = sourcecode.c.h; path = TwoSidedDoorAnimator.h; sourceTree = "<group>"; };
		DA67F9E51BE8131E00E1734A /* TwoSidedDoorAnimator.m */ = {isa = PBXFileReference; fileEncoding = 4; lastKnownFileType = sourcecode.c.objc; path = TwoSidedDoorAnimator.m; sourceTree = "<group>"; };
		DA67F9E71BE8131E00E1734A /* ShoppingItem.h */ = {isa = PBXFileReference; fileEncoding = 4; lastKnownFileType = sourcecode.c.h; path = ShoppingItem.h; sourceTree = "<group>"; };
		DA67F9E81BE8131E00E1734A /* ShoppingItem.m */ = {isa = PBXFileReference; fileEncoding = 4; lastKnownFileType = sourcecode.c.objc; path = ShoppingItem.m; sourceTree = "<group>"; };
		DA67F9E91BE8131E00E1734A /* ShoppingList.h */ = {isa = PBXFileReference; fileEncoding = 4; lastKnownFileType = sourcecode.c.h; path = ShoppingList.h; sourceTree = "<group>"; };
		DA67F9EA1BE8131E00E1734A /* ShoppingList.m */ = {isa = PBXFileReference; fileEncoding = 4; lastKnownFileType = sourcecode.c.objc; path = ShoppingList.m; sourceTree = "<group>"; };
		DA67F9EC1BE8131E00E1734A /* ListOfItemsTableViewController.h */ = {isa = PBXFileReference; fileEncoding = 4; lastKnownFileType = sourcecode.c.h; path = ListOfItemsTableViewController.h; sourceTree = "<group>"; };
		DA67F9ED1BE8131E00E1734A /* ListOfItemsTableViewController.m */ = {isa = PBXFileReference; fileEncoding = 4; lastKnownFileType = sourcecode.c.objc; path = ListOfItemsTableViewController.m; sourceTree = "<group>"; };
		DA67F9EE1BE8131E00E1734A /* ListOfListsTableViewController.h */ = {isa = PBXFileReference; fileEncoding = 4; lastKnownFileType = sourcecode.c.h; path = ListOfListsTableViewController.h; sourceTree = "<group>"; };
		DA67F9EF1BE8131E00E1734A /* ListOfListsTableViewController.m */ = {isa = PBXFileReference; fileEncoding = 4; lastKnownFileType = sourcecode.c.objc; path = ListOfListsTableViewController.m; sourceTree = "<group>"; };
		DA6E0C061C0CAA400009632F /* DetailedItemViewController.h */ = {isa = PBXFileReference; fileEncoding = 4; lastKnownFileType = sourcecode.c.h; path = DetailedItemViewController.h; sourceTree = "<group>"; };
		DA6E0C071C0CAA400009632F /* DetailedItemViewController.m */ = {isa = PBXFileReference; fileEncoding = 4; lastKnownFileType = sourcecode.c.objc; path = DetailedItemViewController.m; sourceTree = "<group>"; };
		DA8D2B6B1C1A23D100E01584 /* UIView+Additions.h */ = {isa = PBXFileReference; fileEncoding = 4; lastKnownFileType = sourcecode.c.h; name = "UIView+Additions.h"; path = "views/UIView+Additions.h"; sourceTree = "<group>"; };
		DA8D2B6C1C1A23D100E01584 /* UIView+Additions.m */ = {isa = PBXFileReference; fileEncoding = 4; lastKnownFileType = sourcecode.c.objc; name = "UIView+Additions.m"; path = "views/UIView+Additions.m"; sourceTree = "<group>"; };
		DAA61BA41BE8FBF700CEC295 /* NavigationControllerDelegate.h */ = {isa = PBXFileReference; fileEncoding = 4; lastKnownFileType = sourcecode.c.h; path = NavigationControllerDelegate.h; sourceTree = "<group>"; };
		DAA61BA51BE8FBF700CEC295 /* NavigationControllerDelegate.m */ = {isa = PBXFileReference; fileEncoding = 4; lastKnownFileType = sourcecode.c.objc; path = NavigationControllerDelegate.m; sourceTree = "<group>"; };
		DABFA0671C17501400312414 /* UITextFieldValidationDelegate.h */ = {isa = PBXFileReference; fileEncoding = 4; lastKnownFileType = sourcecode.c.h; path = UITextFieldValidationDelegate.h; sourceTree = "<group>"; };
		DAC03FD01C17890600A64054 /* navigation-item-text-input.xib */ = {isa = PBXFileReference; fileEncoding = 4; lastKnownFileType = file.xib; name = "navigation-item-text-input.xib"; path = "views/navigation-item-text-input.xib"; sourceTree = "<group>"; };
		DAC6394D1BF54D30003A087B /* AislesPivotTable.h */ = {isa = PBXFileReference; fileEncoding = 4; lastKnownFileType = sourcecode.c.h; path = AislesPivotTable.h; sourceTree = "<group>"; };
		DAC6394E1BF54D30003A087B /* AislesPivotTable.m */ = {isa = PBXFileReference; fileEncoding = 4; lastKnownFileType = sourcecode.c.objc; path = AislesPivotTable.m; sourceTree = "<group>"; };
		DAD001B81C10DFC3008A8DEE /* ShoppingItemDelegate.h */ = {isa = PBXFileReference; fileEncoding = 4; lastKnownFileType = sourcecode.c.h; path = ShoppingItemDelegate.h; sourceTree = "<group>"; };
		DADD0A5A1BDD50CE00806DB6 /* iKea Shopping List.app */ = {isa = PBXFileReference; explicitFileType = wrapper.application; includeInIndex = 0; path = "iKea Shopping List.app"; sourceTree = BUILT_PRODUCTS_DIR; };
		DADD0A5E1BDD50CE00806DB6 /* main.m */ = {isa = PBXFileReference; lastKnownFileType = sourcecode.c.objc; path = main.m; sourceTree = "<group>"; };
		DADD0A601BDD50CE00806DB6 /* AppDelegate.h */ = {isa = PBXFileReference; lastKnownFileType = sourcecode.c.h; path = AppDelegate.h; sourceTree = "<group>"; };
		DADD0A611BDD50CE00806DB6 /* AppDelegate.m */ = {isa = PBXFileReference; lastKnownFileType = sourcecode.c.objc; path = AppDelegate.m; sourceTree = "<group>"; };
		DADD0A671BDD50CE00806DB6 /* Base */ = {isa = PBXFileReference; lastKnownFileType = file.storyboard; name = Base; path = Base.lproj/Main.storyboard; sourceTree = "<group>"; };
		DADD0A691BDD50CE00806DB6 /* Assets.xcassets */ = {isa = PBXFileReference; lastKnownFileType = folder.assetcatalog; path = Assets.xcassets; sourceTree = "<group>"; };
		DADD0A6C1BDD50CE00806DB6 /* Base */ = {isa = PBXFileReference; lastKnownFileType = file.storyboard; name = Base; path = Base.lproj/LaunchScreen.storyboard; sourceTree = "<group>"; };
		DADD0A6E1BDD50CE00806DB6 /* Info.plist */ = {isa = PBXFileReference; lastKnownFileType = text.plist.xml; path = Info.plist; sourceTree = "<group>"; };
		DADD0A731BDD50CE00806DB6 /* iKea Shopping ListTests.xctest */ = {isa = PBXFileReference; explicitFileType = wrapper.cfbundle; includeInIndex = 0; path = "iKea Shopping ListTests.xctest"; sourceTree = BUILT_PRODUCTS_DIR; };
		DADD0A771BDD50CE00806DB6 /* ShoppingItemTests.m */ = {isa = PBXFileReference; lastKnownFileType = sourcecode.c.objc; path = ShoppingItemTests.m; sourceTree = "<group>"; };
		DADD0A791BDD50CE00806DB6 /* Info.plist */ = {isa = PBXFileReference; lastKnownFileType = text.plist.xml; path = Info.plist; sourceTree = "<group>"; };
		DADD0A7E1BDD50CE00806DB6 /* iKea Shopping ListUITests.xctest */ = {isa = PBXFileReference; explicitFileType = wrapper.cfbundle; includeInIndex = 0; path = "iKea Shopping ListUITests.xctest"; sourceTree = BUILT_PRODUCTS_DIR; };
		DADD0A821BDD50CE00806DB6 /* ListOfListsUITests.m */ = {isa = PBXFileReference; lastKnownFileType = sourcecode.c.objc; path = ListOfListsUITests.m; sourceTree = "<group>"; };
		DADD0A841BDD50CE00806DB6 /* Info.plist */ = {isa = PBXFileReference; lastKnownFileType = text.plist.xml; path = Info.plist; sourceTree = "<group>"; };
		DADD0A991BDD8A3800806DB6 /* ShoppingListTests.m */ = {isa = PBXFileReference; fileEncoding = 4; lastKnownFileType = sourcecode.c.objc; path = ShoppingListTests.m; sourceTree = "<group>"; };
		DAE8DAB81C14828C00AB81A2 /* UITextField+Additions.h */ = {isa = PBXFileReference; fileEncoding = 4; lastKnownFileType = sourcecode.c.h; name = "UITextField+Additions.h"; path = "views/UITextField+Additions.h"; sourceTree = "<group>"; };
		DAE8DAB91C14828C00AB81A2 /* UITextField+Additions.m */ = {isa = PBXFileReference; fileEncoding = 4; lastKnownFileType = sourcecode.c.objc; name = "UITextField+Additions.m"; path = "views/UITextField+Additions.m"; sourceTree = "<group>"; };
		DAED5BCC1BEA780700C5816F /* ListsDataSource.h */ = {isa = PBXFileReference; fileEncoding = 4; lastKnownFileType = sourcecode.c.h; path = ListsDataSource.h; sourceTree = "<group>"; };
		DAED5BCD1BEA780700C5816F /* ListsDataSource.m */ = {isa = PBXFileReference; fileEncoding = 4; lastKnownFileType = sourcecode.c.objc; path = ListsDataSource.m; sourceTree = "<group>"; };
		DAF5E27B1BEE9A800023F8E8 /* ListAdditionViewController.h */ = {isa = PBXFileReference; fileEncoding = 4; lastKnownFileType = sourcecode.c.h; path = ListAdditionViewController.h; sourceTree = "<group>"; };
		DAF5E27C1BEE9A800023F8E8 /* ListAdditionViewController.m */ = {isa = PBXFileReference; fileEncoding = 4; lastKnownFileType = sourcecode.c.objc; path = ListAdditionViewController.m; sourceTree = "<group>"; };
		DAF7345C1BF239B00013CDDD /* items-table-header-view.xib */ = {isa = PBXFileReference; fileEncoding = 4; lastKnownFileType = file.xib; path = "items-table-header-view.xib"; sourceTree = "<group>"; };
/* End PBXFileReference section */

/* Begin PBXFrameworksBuildPhase section */
		DADD0A571BDD50CE00806DB6 /* Frameworks */ = {
			isa = PBXFrameworksBuildPhase;
			buildActionMask = 2147483647;
			files = (
			);
			runOnlyForDeploymentPostprocessing = 0;
		};
		DADD0A701BDD50CE00806DB6 /* Frameworks */ = {
			isa = PBXFrameworksBuildPhase;
			buildActionMask = 2147483647;
			files = (
			);
			runOnlyForDeploymentPostprocessing = 0;
		};
		DADD0A7B1BDD50CE00806DB6 /* Frameworks */ = {
			isa = PBXFrameworksBuildPhase;
			buildActionMask = 2147483647;
			files = (
			);
			runOnlyForDeploymentPostprocessing = 0;
		};
/* End PBXFrameworksBuildPhase section */

/* Begin PBXGroup section */
		DA0323801BEF9692003960B0 /* protocols */ = {
			isa = PBXGroup;
			children = (
				DA0323851BEF9AD4003960B0 /* ListInfoCreationDelegate.h */,
				DAD001B81C10DFC3008A8DEE /* ShoppingItemDelegate.h */,
				DABFA0671C17501400312414 /* UITextFieldValidationDelegate.h */,
			);
			path = protocols;
			sourceTree = "<group>";
		};
		DA0323891BEFC9C9003960B0 /* views */ = {
			isa = PBXGroup;
			children = (
				DA03238A1BEFCA0B003960B0 /* text-input-table-view-cell.xib */,
				DAF7345C1BF239B00013CDDD /* items-table-header-view.xib */,
				DAC03FD01C17890600A64054 /* navigation-item-text-input.xib */,
				DA5444B71C1327F4002DFD0F /* StandaloneNavBar.h */,
				DA5444B81C1327F4002DFD0F /* StandaloneNavBar.m */,
				DA5444BA1C132922002DFD0F /* CustomScrollView.h */,
				DA5444BB1C132922002DFD0F /* CustomScrollView.m */,
				DAE8DAB81C14828C00AB81A2 /* UITextField+Additions.h */,
				DAE8DAB91C14828C00AB81A2 /* UITextField+Additions.m */,
				DA8D2B6B1C1A23D100E01584 /* UIView+Additions.h */,
				DA8D2B6C1C1A23D100E01584 /* UIView+Additions.m */,
			);
			name = views;
			sourceTree = "<group>";
		};
		DA67F9E31BE8131E00E1734A /* animations */ = {
			isa = PBXGroup;
			children = (
				DA67F9E41BE8131E00E1734A /* TwoSidedDoorAnimator.h */,
				DA67F9E51BE8131E00E1734A /* TwoSidedDoorAnimator.m */,
			);
			path = animations;
			sourceTree = "<group>";
		};
		DA67F9E61BE8131E00E1734A /* models */ = {
			isa = PBXGroup;
			children = (
				DA67F9E71BE8131E00E1734A /* ShoppingItem.h */,
				DA67F9E81BE8131E00E1734A /* ShoppingItem.m */,
				DA67F9E91BE8131E00E1734A /* ShoppingList.h */,
				DA67F9EA1BE8131E00E1734A /* ShoppingList.m */,
			);
			path = models;
			sourceTree = "<group>";
		};
		DA67F9EB1BE8131E00E1734A /* view-controllers */ = {
			isa = PBXGroup;
			children = (
				DA67F9EC1BE8131E00E1734A /* ListOfItemsTableViewController.h */,
				DA67F9ED1BE8131E00E1734A /* ListOfItemsTableViewController.m */,
				DA67F9EE1BE8131E00E1734A /* ListOfListsTableViewController.h */,
				DA67F9EF1BE8131E00E1734A /* ListOfListsTableViewController.m */,
				DAA61BA41BE8FBF700CEC295 /* NavigationControllerDelegate.h */,
				DAA61BA51BE8FBF700CEC295 /* NavigationControllerDelegate.m */,
				DAF5E27B1BEE9A800023F8E8 /* ListAdditionViewController.h */,
				DAF5E27C1BEE9A800023F8E8 /* ListAdditionViewController.m */,
				DA6E0C061C0CAA400009632F /* DetailedItemViewController.h */,
				DA6E0C071C0CAA400009632F /* DetailedItemViewController.m */,
			);
			path = "view-controllers";
			sourceTree = "<group>";
		};
		DA9ED7941BEA6B440040999D /* data-sources */ = {
			isa = PBXGroup;
			children = (
				DAED5BCC1BEA780700C5816F /* ListsDataSource.h */,
				DAED5BCD1BEA780700C5816F /* ListsDataSource.m */,
				DA2313381BF1891700E5366C /* ItemsDataSource.h */,
				DA2313391BF1891700E5366C /* ItemsDataSource.m */,
				DAC6394D1BF54D30003A087B /* AislesPivotTable.h */,
				DAC6394E1BF54D30003A087B /* AislesPivotTable.m */,
				DA14CA3A1C0380FB0043C2B6 /* AislesPivotTable_PivotEntry.h */,
			);
			path = "data-sources";
			sourceTree = "<group>";
		};
		DADD0A511BDD50CE00806DB6 = {
			isa = PBXGroup;
			children = (
				DADD0A5C1BDD50CE00806DB6 /* iKea Shopping List */,
				DADD0A761BDD50CE00806DB6 /* iKea Shopping Model Tests */,
				DADD0A811BDD50CE00806DB6 /* iKea Shopping UI Tests */,
				DADD0A5B1BDD50CE00806DB6 /* Products */,
			);
			sourceTree = "<group>";
		};
		DADD0A5B1BDD50CE00806DB6 /* Products */ = {
			isa = PBXGroup;
			children = (
				DADD0A5A1BDD50CE00806DB6 /* iKea Shopping List.app */,
				DADD0A731BDD50CE00806DB6 /* iKea Shopping ListTests.xctest */,
				DADD0A7E1BDD50CE00806DB6 /* iKea Shopping ListUITests.xctest */,
			);
			name = Products;
			sourceTree = "<group>";
		};
		DADD0A5C1BDD50CE00806DB6 /* iKea Shopping List */ = {
			isa = PBXGroup;
			children = (
				DA0323891BEFC9C9003960B0 /* views */,
				DA67F9E31BE8131E00E1734A /* animations */,
				DA67F9E61BE8131E00E1734A /* models */,
				DA67F9EB1BE8131E00E1734A /* view-controllers */,
				DA9ED7941BEA6B440040999D /* data-sources */,
				DA0323801BEF9692003960B0 /* protocols */,
				DA0323861BEFC676003960B0 /* TextInputTableViewCell.h */,
				DA0323871BEFC676003960B0 /* TextInputTableViewCell.m */,
				DADD0A601BDD50CE00806DB6 /* AppDelegate.h */,
				DADD0A611BDD50CE00806DB6 /* AppDelegate.m */,
				DADD0A661BDD50CE00806DB6 /* Main.storyboard */,
				DADD0A691BDD50CE00806DB6 /* Assets.xcassets */,
				DADD0A6B1BDD50CE00806DB6 /* LaunchScreen.storyboard */,
				DADD0A6E1BDD50CE00806DB6 /* Info.plist */,
				DADD0A5D1BDD50CE00806DB6 /* Supporting Files */,
			);
			path = "iKea Shopping List";
			sourceTree = "<group>";
		};
		DADD0A5D1BDD50CE00806DB6 /* Supporting Files */ = {
			isa = PBXGroup;
			children = (
				DADD0A5E1BDD50CE00806DB6 /* main.m */,
			);
			name = "Supporting Files";
			sourceTree = "<group>";
		};
		DADD0A761BDD50CE00806DB6 /* iKea Shopping Model Tests */ = {
			isa = PBXGroup;
			children = (
				DADD0A771BDD50CE00806DB6 /* ShoppingItemTests.m */,
				DADD0A991BDD8A3800806DB6 /* ShoppingListTests.m */,
				DA14CA371C035D690043C2B6 /* AislesPivotTableTests.m */,
				DADD0A791BDD50CE00806DB6 /* Info.plist */,
			);
			name = "iKea Shopping Model Tests";
			path = "iKea Shopping ListTests";
			sourceTree = "<group>";
		};
		DADD0A811BDD50CE00806DB6 /* iKea Shopping UI Tests */ = {
			isa = PBXGroup;
			children = (
				DADD0A821BDD50CE00806DB6 /* ListOfListsUITests.m */,
				DA14CA3B1C03A2020043C2B6 /* ListOfItemsUITests.m */,
				DADD0A841BDD50CE00806DB6 /* Info.plist */,
			);
			name = "iKea Shopping UI Tests";
			path = "iKea Shopping ListUITests";
			sourceTree = "<group>";
		};
/* End PBXGroup section */

/* Begin PBXNativeTarget section */
		DADD0A591BDD50CE00806DB6 /* iKea Shopping List */ = {
			isa = PBXNativeTarget;
			buildConfigurationList = DADD0A871BDD50CE00806DB6 /* Build configuration list for PBXNativeTarget "iKea Shopping List" */;
			buildPhases = (
				DADD0A561BDD50CE00806DB6 /* Sources */,
				DADD0A571BDD50CE00806DB6 /* Frameworks */,
				DADD0A581BDD50CE00806DB6 /* Resources */,
			);
			buildRules = (
			);
			dependencies = (
			);
			name = "iKea Shopping List";
			productName = "iKea Shopping List";
			productReference = DADD0A5A1BDD50CE00806DB6 /* iKea Shopping List.app */;
			productType = "com.apple.product-type.application";
		};
		DADD0A721BDD50CE00806DB6 /* iKea Shopping ListTests */ = {
			isa = PBXNativeTarget;
			buildConfigurationList = DADD0A8A1BDD50CE00806DB6 /* Build configuration list for PBXNativeTarget "iKea Shopping ListTests" */;
			buildPhases = (
				DADD0A6F1BDD50CE00806DB6 /* Sources */,
				DADD0A701BDD50CE00806DB6 /* Frameworks */,
				DADD0A711BDD50CE00806DB6 /* Resources */,
			);
			buildRules = (
			);
			dependencies = (
				DADD0A751BDD50CE00806DB6 /* PBXTargetDependency */,
			);
			name = "iKea Shopping ListTests";
			productName = "iKea Shopping ListTests";
			productReference = DADD0A731BDD50CE00806DB6 /* iKea Shopping ListTests.xctest */;
			productType = "com.apple.product-type.bundle.unit-test";
		};
		DADD0A7D1BDD50CE00806DB6 /* iKea Shopping ListUITests */ = {
			isa = PBXNativeTarget;
			buildConfigurationList = DADD0A8D1BDD50CE00806DB6 /* Build configuration list for PBXNativeTarget "iKea Shopping ListUITests" */;
			buildPhases = (
				DADD0A7A1BDD50CE00806DB6 /* Sources */,
				DADD0A7B1BDD50CE00806DB6 /* Frameworks */,
				DADD0A7C1BDD50CE00806DB6 /* Resources */,
			);
			buildRules = (
			);
			dependencies = (
				DADD0A801BDD50CE00806DB6 /* PBXTargetDependency */,
			);
			name = "iKea Shopping ListUITests";
			productName = "iKea Shopping ListUITests";
			productReference = DADD0A7E1BDD50CE00806DB6 /* iKea Shopping ListUITests.xctest */;
			productType = "com.apple.product-type.bundle.ui-testing";
		};
/* End PBXNativeTarget section */

/* Begin PBXProject section */
		DADD0A521BDD50CE00806DB6 /* Project object */ = {
			isa = PBXProject;
			attributes = {
				LastUpgradeCheck = 0710;
				ORGANIZATIONNAME = "showair.wael@gmail.com";
				TargetAttributes = {
					DADD0A591BDD50CE00806DB6 = {
						CreatedOnToolsVersion = 7.1;
						DevelopmentTeam = 4P75G7K25N;
					};
					DADD0A721BDD50CE00806DB6 = {
						CreatedOnToolsVersion = 7.1;
						TestTargetID = DADD0A591BDD50CE00806DB6;
					};
					DADD0A7D1BDD50CE00806DB6 = {
						CreatedOnToolsVersion = 7.1;
						TestTargetID = DADD0A591BDD50CE00806DB6;
					};
				};
			};
			buildConfigurationList = DADD0A551BDD50CE00806DB6 /* Build configuration list for PBXProject "iKea Shopping List" */;
			compatibilityVersion = "Xcode 3.2";
			developmentRegion = English;
			hasScannedForEncodings = 0;
			knownRegions = (
				en,
				Base,
			);
			mainGroup = DADD0A511BDD50CE00806DB6;
			productRefGroup = DADD0A5B1BDD50CE00806DB6 /* Products */;
			projectDirPath = "";
			projectRoot = "";
			targets = (
				DADD0A591BDD50CE00806DB6 /* iKea Shopping List */,
				DADD0A721BDD50CE00806DB6 /* iKea Shopping ListTests */,
				DADD0A7D1BDD50CE00806DB6 /* iKea Shopping ListUITests */,
			);
		};
/* End PBXProject section */

/* Begin PBXResourcesBuildPhase section */
		DADD0A581BDD50CE00806DB6 /* Resources */ = {
			isa = PBXResourcesBuildPhase;
			buildActionMask = 2147483647;
			files = (
				DAC03FD11C17890600A64054 /* navigation-item-text-input.xib in Resources */,
				DAF7345D1BF239B00013CDDD /* items-table-header-view.xib in Resources */,
				DADD0A6D1BDD50CE00806DB6 /* LaunchScreen.storyboard in Resources */,
				DADD0A6A1BDD50CE00806DB6 /* Assets.xcassets in Resources */,
				DADD0A681BDD50CE00806DB6 /* Main.storyboard in Resources */,
				DA03238B1BEFCA0B003960B0 /* text-input-table-view-cell.xib in Resources */,
			);
			runOnlyForDeploymentPostprocessing = 0;
		};
		DADD0A711BDD50CE00806DB6 /* Resources */ = {
			isa = PBXResourcesBuildPhase;
			buildActionMask = 2147483647;
			files = (
			);
			runOnlyForDeploymentPostprocessing = 0;
		};
		DADD0A7C1BDD50CE00806DB6 /* Resources */ = {
			isa = PBXResourcesBuildPhase;
			buildActionMask = 2147483647;
			files = (
			);
			runOnlyForDeploymentPostprocessing = 0;
		};
/* End PBXResourcesBuildPhase section */

/* Begin PBXSourcesBuildPhase section */
		DADD0A561BDD50CE00806DB6 /* Sources */ = {
			isa = PBXSourcesBuildPhase;
			buildActionMask = 2147483647;
			files = (
				DAF5E27D1BEE9A800023F8E8 /* ListAdditionViewController.m in Sources */,
				DA6E0C081C0CAA400009632F /* DetailedItemViewController.m in Sources */,
				DA5444BC1C132922002DFD0F /* CustomScrollView.m in Sources */,
				DA8D2B6D1C1A23D100E01584 /* UIView+Additions.m in Sources */,
				DAC6394F1BF54D30003A087B /* AislesPivotTable.m in Sources */,
				DAA61BA61BE8FBF700CEC295 /* NavigationControllerDelegate.m in Sources */,
				DA67F9F31BE8131E00E1734A /* ShoppingItem.m in Sources */,
				DA0323881BEFC676003960B0 /* TextInputTableViewCell.m in Sources */,
				DA67F9F01BE8131E00E1734A /* TwoSidedDoorAnimator.m in Sources */,
				DA67F9F91BE8131E00E1734A /* ListOfItemsTableViewController.m in Sources */,
				DA5444B91C1327F4002DFD0F /* StandaloneNavBar.m in Sources */,
				DAED5BCE1BEA780700C5816F /* ListsDataSource.m in Sources */,
				DAE8DABA1C14828C00AB81A2 /* UITextField+Additions.m in Sources */,
				DADD0A621BDD50CE00806DB6 /* AppDelegate.m in Sources */,
				DA5866FB1C0248D800C98FC2 /* ShoppingList.m in Sources */,
				DADD0A5F1BDD50CE00806DB6 /* main.m in Sources */,
				DA23133A1BF1891700E5366C /* ItemsDataSource.m in Sources */,
				DA67F9FC1BE8131E00E1734A /* ListOfListsTableViewController.m in Sources */,
			);
			runOnlyForDeploymentPostprocessing = 0;
		};
		DADD0A6F1BDD50CE00806DB6 /* Sources */ = {
			isa = PBXSourcesBuildPhase;
			buildActionMask = 2147483647;
			files = (
				DADD0A781BDD50CE00806DB6 /* ShoppingItemTests.m in Sources */,
				DA14CA381C035D690043C2B6 /* AislesPivotTableTests.m in Sources */,
				DADD0A9A1BDD8A3800806DB6 /* ShoppingListTests.m in Sources */,
			);
			runOnlyForDeploymentPostprocessing = 0;
		};
		DADD0A7A1BDD50CE00806DB6 /* Sources */ = {
			isa = PBXSourcesBuildPhase;
			buildActionMask = 2147483647;
			files = (
				DADD0A831BDD50CE00806DB6 /* ListOfListsUITests.m in Sources */,
				DA14CA3C1C03A2020043C2B6 /* ListOfItemsUITests.m in Sources */,
			);
			runOnlyForDeploymentPostprocessing = 0;
		};
/* End PBXSourcesBuildPhase section */

/* Begin PBXTargetDependency section */
		DADD0A751BDD50CE00806DB6 /* PBXTargetDependency */ = {
			isa = PBXTargetDependency;
			target = DADD0A591BDD50CE00806DB6 /* iKea Shopping List */;
			targetProxy = DADD0A741BDD50CE00806DB6 /* PBXContainerItemProxy */;
		};
		DADD0A801BDD50CE00806DB6 /* PBXTargetDependency */ = {
			isa = PBXTargetDependency;
			target = DADD0A591BDD50CE00806DB6 /* iKea Shopping List */;
			targetProxy = DADD0A7F1BDD50CE00806DB6 /* PBXContainerItemProxy */;
		};
/* End PBXTargetDependency section */

/* Begin PBXVariantGroup section */
		DADD0A661BDD50CE00806DB6 /* Main.storyboard */ = {
			isa = PBXVariantGroup;
			children = (
				DADD0A671BDD50CE00806DB6 /* Base */,
			);
			name = Main.storyboard;
			sourceTree = "<group>";
		};
		DADD0A6B1BDD50CE00806DB6 /* LaunchScreen.storyboard */ = {
			isa = PBXVariantGroup;
			children = (
				DADD0A6C1BDD50CE00806DB6 /* Base */,
			);
			name = LaunchScreen.storyboard;
			sourceTree = "<group>";
		};
/* End PBXVariantGroup section */

/* Begin XCBuildConfiguration section */
		DADD0A851BDD50CE00806DB6 /* Debug */ = {
			isa = XCBuildConfiguration;
			buildSettings = {
				ALWAYS_SEARCH_USER_PATHS = NO;
				CLANG_CXX_LANGUAGE_STANDARD = "gnu++0x";
				CLANG_CXX_LIBRARY = "libc++";
				CLANG_ENABLE_MODULES = YES;
				CLANG_ENABLE_OBJC_ARC = YES;
				CLANG_WARN_BOOL_CONVERSION = YES;
				CLANG_WARN_CONSTANT_CONVERSION = YES;
				CLANG_WARN_DIRECT_OBJC_ISA_USAGE = YES_ERROR;
				CLANG_WARN_DOCUMENTATION_COMMENTS = YES;
				CLANG_WARN_EMPTY_BODY = YES;
				CLANG_WARN_ENUM_CONVERSION = YES;
				CLANG_WARN_INT_CONVERSION = YES;
				CLANG_WARN_OBJC_ROOT_CLASS = YES_ERROR;
				CLANG_WARN_UNREACHABLE_CODE = YES;
				CLANG_WARN__DUPLICATE_METHOD_MATCH = YES;
				"CODE_SIGN_IDENTITY[sdk=iphoneos*]" = "iPhone Developer";
				COPY_PHASE_STRIP = NO;
				DEBUG_INFORMATION_FORMAT = dwarf;
				ENABLE_STRICT_OBJC_MSGSEND = YES;
				ENABLE_TESTABILITY = YES;
				GCC_C_LANGUAGE_STANDARD = gnu99;
				GCC_DYNAMIC_NO_PIC = NO;
				GCC_NO_COMMON_BLOCKS = YES;
				GCC_OPTIMIZATION_LEVEL = 0;
				GCC_PREPROCESSOR_DEFINITIONS = (
					"DEBUG=1",
					"$(inherited)",
				);
				GCC_WARN_64_TO_32_BIT_CONVERSION = YES;
				GCC_WARN_ABOUT_RETURN_TYPE = YES_ERROR;
				GCC_WARN_UNDECLARED_SELECTOR = YES;
				GCC_WARN_UNINITIALIZED_AUTOS = YES_AGGRESSIVE;
				GCC_WARN_UNUSED_FUNCTION = YES;
				GCC_WARN_UNUSED_VARIABLE = YES;
				HEADER_SEARCH_PATHS = "";
				IPHONEOS_DEPLOYMENT_TARGET = 9.1;
				MTL_ENABLE_DEBUG_INFO = YES;
				ONLY_ACTIVE_ARCH = YES;
				SDKROOT = iphoneos;
			};
			name = Debug;
		};
		DADD0A861BDD50CE00806DB6 /* Release */ = {
			isa = XCBuildConfiguration;
			buildSettings = {
				ALWAYS_SEARCH_USER_PATHS = NO;
				CLANG_CXX_LANGUAGE_STANDARD = "gnu++0x";
				CLANG_CXX_LIBRARY = "libc++";
				CLANG_ENABLE_MODULES = YES;
				CLANG_ENABLE_OBJC_ARC = YES;
				CLANG_WARN_BOOL_CONVERSION = YES;
				CLANG_WARN_CONSTANT_CONVERSION = YES;
				CLANG_WARN_DIRECT_OBJC_ISA_USAGE = YES_ERROR;
				CLANG_WARN_DOCUMENTATION_COMMENTS = YES;
				CLANG_WARN_EMPTY_BODY = YES;
				CLANG_WARN_ENUM_CONVERSION = YES;
				CLANG_WARN_INT_CONVERSION = YES;
				CLANG_WARN_OBJC_ROOT_CLASS = YES_ERROR;
				CLANG_WARN_UNREACHABLE_CODE = YES;
				CLANG_WARN__DUPLICATE_METHOD_MATCH = YES;
				"CODE_SIGN_IDENTITY[sdk=iphoneos*]" = "iPhone Developer";
				COPY_PHASE_STRIP = NO;
				DEBUG_INFORMATION_FORMAT = "dwarf-with-dsym";
				ENABLE_NS_ASSERTIONS = NO;
				ENABLE_STRICT_OBJC_MSGSEND = YES;
				GCC_C_LANGUAGE_STANDARD = gnu99;
				GCC_NO_COMMON_BLOCKS = YES;
				GCC_WARN_64_TO_32_BIT_CONVERSION = YES;
				GCC_WARN_ABOUT_RETURN_TYPE = YES_ERROR;
				GCC_WARN_UNDECLARED_SELECTOR = YES;
				GCC_WARN_UNINITIALIZED_AUTOS = YES_AGGRESSIVE;
				GCC_WARN_UNUSED_FUNCTION = YES;
				GCC_WARN_UNUSED_VARIABLE = YES;
				IPHONEOS_DEPLOYMENT_TARGET = 9.1;
				MTL_ENABLE_DEBUG_INFO = NO;
				SDKROOT = iphoneos;
				VALIDATE_PRODUCT = YES;
			};
			name = Release;
		};
		DADD0A881BDD50CE00806DB6 /* Debug */ = {
			isa = XCBuildConfiguration;
			buildSettings = {
				ASSETCATALOG_COMPILER_APPICON_NAME = AppIcon;
				CODE_SIGN_IDENTITY = "iPhone Developer";
				"CODE_SIGN_IDENTITY[sdk=iphoneos*]" = "iPhone Developer";
				GCC_NO_COMMON_BLOCKS = YES;
				INFOPLIST_FILE = "iKea Shopping List/Info.plist";
				LD_RUNPATH_SEARCH_PATHS = "$(inherited) @executable_path/Frameworks";
				PRODUCT_BUNDLE_IDENTIFIER = ca.showair.wael.ikeashoppinglist;
				PRODUCT_NAME = "$(TARGET_NAME)";
				PROVISIONING_PROFILE = "";
			};
			name = Debug;
		};
		DADD0A891BDD50CE00806DB6 /* Release */ = {
			isa = XCBuildConfiguration;
			buildSettings = {
				ASSETCATALOG_COMPILER_APPICON_NAME = AppIcon;
				CODE_SIGN_IDENTITY = "iPhone Developer";
				"CODE_SIGN_IDENTITY[sdk=iphoneos*]" = "iPhone Developer";
				GCC_NO_COMMON_BLOCKS = YES;
				INFOPLIST_FILE = "iKea Shopping List/Info.plist";
				LD_RUNPATH_SEARCH_PATHS = "$(inherited) @executable_path/Frameworks";
				PRODUCT_BUNDLE_IDENTIFIER = ca.showair.wael.ikeashoppinglist;
				PRODUCT_NAME = "$(TARGET_NAME)";
				PROVISIONING_PROFILE = "";
			};
			name = Release;
		};
		DADD0A8B1BDD50CE00806DB6 /* Debug */ = {
			isa = XCBuildConfiguration;
			buildSettings = {
				BUNDLE_LOADER = "$(TEST_HOST)";
				INFOPLIST_FILE = "iKea Shopping ListTests/Info.plist";
				LD_RUNPATH_SEARCH_PATHS = "$(inherited) @executable_path/Frameworks @loader_path/Frameworks";
				PRODUCT_BUNDLE_IDENTIFIER = "com.algonquinlive.show0017.iKea-Shopping-ListTests";
				PRODUCT_NAME = "$(TARGET_NAME)";
				TEST_HOST = "$(BUILT_PRODUCTS_DIR)/iKea Shopping List.app/iKea Shopping List";
			};
			name = Debug;
		};
		DADD0A8C1BDD50CE00806DB6 /* Release */ = {
			isa = XCBuildConfiguration;
			buildSettings = {
				BUNDLE_LOADER = "$(TEST_HOST)";
				INFOPLIST_FILE = "iKea Shopping ListTests/Info.plist";
				LD_RUNPATH_SEARCH_PATHS = "$(inherited) @executable_path/Frameworks @loader_path/Frameworks";
				PRODUCT_BUNDLE_IDENTIFIER = "com.algonquinlive.show0017.iKea-Shopping-ListTests";
				PRODUCT_NAME = "$(TARGET_NAME)";
				TEST_HOST = "$(BUILT_PRODUCTS_DIR)/iKea Shopping List.app/iKea Shopping List";
			};
			name = Release;
		};
		DADD0A8E1BDD50CE00806DB6 /* Debug */ = {
			isa = XCBuildConfiguration;
			buildSettings = {
				INFOPLIST_FILE = "iKea Shopping ListUITests/Info.plist";
				LD_RUNPATH_SEARCH_PATHS = "$(inherited) @executable_path/Frameworks @loader_path/Frameworks";
				PRODUCT_BUNDLE_IDENTIFIER = "com.algonquinlive.show0017.iKea-Shopping-ListUITests";
				PRODUCT_NAME = "$(TARGET_NAME)";
				TEST_TARGET_NAME = "iKea Shopping List";
				USES_XCTRUNNER = YES;
			};
			name = Debug;
		};
		DADD0A8F1BDD50CE00806DB6 /* Release */ = {
			isa = XCBuildConfiguration;
			buildSettings = {
				INFOPLIST_FILE = "iKea Shopping ListUITests/Info.plist";
				LD_RUNPATH_SEARCH_PATHS = "$(inherited) @executable_path/Frameworks @loader_path/Frameworks";
				PRODUCT_BUNDLE_IDENTIFIER = "com.algonquinlive.show0017.iKea-Shopping-ListUITests";
				PRODUCT_NAME = "$(TARGET_NAME)";
				TEST_TARGET_NAME = "iKea Shopping List";
				USES_XCTRUNNER = YES;
			};
			name = Release;
		};
/* End XCBuildConfiguration section */

/* Begin XCConfigurationList section */
		DADD0A551BDD50CE00806DB6 /* Build configuration list for PBXProject "iKea Shopping List" */ = {
			isa = XCConfigurationList;
			buildConfigurations = (
				DADD0A851BDD50CE00806DB6 /* Debug */,
				DADD0A861BDD50CE00806DB6 /* Release */,
			);
			defaultConfigurationIsVisible = 0;
			defaultConfigurationName = Release;
		};
		DADD0A871BDD50CE00806DB6 /* Build configuration list for PBXNativeTarget "iKea Shopping List" */ = {
			isa = XCConfigurationList;
			buildConfigurations = (
				DADD0A881BDD50CE00806DB6 /* Debug */,
				DADD0A891BDD50CE00806DB6 /* Release */,
			);
			defaultConfigurationIsVisible = 0;
			defaultConfigurationName = Release;
		};
		DADD0A8A1BDD50CE00806DB6 /* Build configuration list for PBXNativeTarget "iKea Shopping ListTests" */ = {
			isa = XCConfigurationList;
			buildConfigurations = (
				DADD0A8B1BDD50CE00806DB6 /* Debug */,
				DADD0A8C1BDD50CE00806DB6 /* Release */,
			);
			defaultConfigurationIsVisible = 0;
			defaultConfigurationName = Release;
		};
		DADD0A8D1BDD50CE00806DB6 /* Build configuration list for PBXNativeTarget "iKea Shopping ListUITests" */ = {
			isa = XCConfigurationList;
			buildConfigurations = (
				DADD0A8E1BDD50CE00806DB6 /* Debug */,
				DADD0A8F1BDD50CE00806DB6 /* Release */,
			);
			defaultConfigurationIsVisible = 0;
			defaultConfigurationName = Release;
		};
/* End XCConfigurationList section */
	};
	rootObject = DADD0A521BDD50CE00806DB6 /* Project object */;
}
